{
  "name": "nodetwo",
  "version": "1.0.0",
  "lockfileVersion": 3,
  "requires": true,
  "packages": {
    "": {
      "name": "nodetwo",
      "version": "1.0.0",
      "license": "ISC",
      "dependencies": {
        "@alexandryaskevich/node": "^1.0.0"
      }
    },
    "node_modules/@alexandryaskevich/node": {
      "version": "1.0.0",
      "resolved": "https://npm.pkg.github.com/download/@alexandryaskevich/node/1.0.0/1df6ee61c7c82c588a40ce81e6aaac58bcb39985",
      "integrity": "sha512-MuEeUGknLMaMyP5sCiob7BMj+PewOElDqNyJ4dbkoQ0H14MsOgwXMgl0nEdPS+xuqrqtgctxRkEWbarUh9pvRQ=="
    }
  }
}
